
Microsoft Visual Studio Solution File, Format Version 12.00
# Visual Studio Version 16
VisualStudioVersion = 16.0.31829.152
MinimumVisualStudioVersion = 10.0.40219.1
Project("{9A19103F-16F7-4668-BE54-9A1E7A4F7556}") = "SoftJail", "SoftJail.csproj", "{76EA2ABE-2FF4-4FC0-B215-1F37EFF8FC4D}"
EndProject
Global
	GlobalSection(SolutionConfigurationPlatforms) = preSolution
		Debug|Any CPU = Debug|Any CPU
		Release|Any CPU = Release|Any CPU
	EndGlobalSection
	GlobalSection(ProjectConfigurationPlatforms) = postSolution
		{76EA2ABE-2FF4-4FC0-B215-1F37EFF8FC4D}.Debug|Any CPU.ActiveCfg = Debug|Any CPU
		{76EA2ABE-2FF4-4FC0-B215-1F37EFF8FC4D}.Debug|Any CPU.Build.0 = Debug|Any CPU
		{76EA2ABE-2FF4-4FC0-B215-1F37EFF8FC4D}.Release|Any CPU.ActiveCfg = Release|Any CPU
		{76EA2ABE-2FF4-4FC0-B215-1F37EFF8FC4D}.Release|Any CPU.Build.0 = Release|Any CPU
	EndGlobalSection
	GlobalSection(SolutionProperties) = preSolution
		HideSolutionNode = FALSE
	EndGlobalSection
	GlobalSection(ExtensibilityGlobals) = postSolution
		SolutionGuid = {9FEAEE6D-9654-4853-A9E5-DD9BE9C96B9E}
	EndGlobalSection
EndGlobal
