
Microsoft Visual Studio Solution File, Format Version 12.00
# Visual Studio Version 16
VisualStudioVersion = 16.0.31112.23
MinimumVisualStudioVersion = 10.0.40219.1
Project("{FAE04EC0-301F-11D3-BF4B-00C04F79EFBC}") = "clubPartyMy", "clubPartyMy\clubPartyMy.csproj", "{2419F520-43BF-4801-A308-99DD85A0DB91}"
EndProject
Project("{FAE04EC0-301F-11D3-BF4B-00C04F79EFBC}") = "matrix2Zadacha", "matrix2Zadacha\matrix2Zadacha.csproj", "{4BBF58AC-269A-4FB2-A1FA-922D4BE40AD0}"
EndProject
Global
	GlobalSection(SolutionConfigurationPlatforms) = preSolution
		Debug|Any CPU = Debug|Any CPU
		Release|Any CPU = Release|Any CPU
	EndGlobalSection
	GlobalSection(ProjectConfigurationPlatforms) = postSolution
		{2419F520-43BF-4801-A308-99DD85A0DB91}.Debug|Any CPU.ActiveCfg = Debug|Any CPU
		{2419F520-43BF-4801-A308-99DD85A0DB91}.Debug|Any CPU.Build.0 = Debug|Any CPU
		{2419F520-43BF-4801-A308-99DD85A0DB91}.Release|Any CPU.ActiveCfg = Release|Any CPU
		{2419F520-43BF-4801-A308-99DD85A0DB91}.Release|Any CPU.Build.0 = Release|Any CPU
		{4BBF58AC-269A-4FB2-A1FA-922D4BE40AD0}.Debug|Any CPU.ActiveCfg = Debug|Any CPU
		{4BBF58AC-269A-4FB2-A1FA-922D4BE40AD0}.Debug|Any CPU.Build.0 = Debug|Any CPU
		{4BBF58AC-269A-4FB2-A1FA-922D4BE40AD0}.Release|Any CPU.ActiveCfg = Release|Any CPU
		{4BBF58AC-269A-4FB2-A1FA-922D4BE40AD0}.Release|Any CPU.Build.0 = Release|Any CPU
	EndGlobalSection
	GlobalSection(SolutionProperties) = preSolution
		HideSolutionNode = FALSE
	EndGlobalSection
	GlobalSection(ExtensibilityGlobals) = postSolution
		SolutionGuid = {8D9134D4-79A6-4BC0-9C1A-4EFAD21122CA}
	EndGlobalSection
EndGlobal
