
Microsoft Visual Studio Solution File, Format Version 12.00
# Visual Studio Version 16
VisualStudioVersion = 16.0.31829.152
MinimumVisualStudioVersion = 10.0.40219.1
Project("{9A19103F-16F7-4668-BE54-9A1E7A4F7556}") = "SpaceStation", "SpaceStation.csproj", "{04591457-1811-4AE2-A559-8BC5A00319DA}"
EndProject
Global
	GlobalSection(SolutionConfigurationPlatforms) = preSolution
		Debug|Any CPU = Debug|Any CPU
		Release|Any CPU = Release|Any CPU
	EndGlobalSection
	GlobalSection(ProjectConfigurationPlatforms) = postSolution
		{04591457-1811-4AE2-A559-8BC5A00319DA}.Debug|Any CPU.ActiveCfg = Debug|Any CPU
		{04591457-1811-4AE2-A559-8BC5A00319DA}.Debug|Any CPU.Build.0 = Debug|Any CPU
		{04591457-1811-4AE2-A559-8BC5A00319DA}.Release|Any CPU.ActiveCfg = Release|Any CPU
		{04591457-1811-4AE2-A559-8BC5A00319DA}.Release|Any CPU.Build.0 = Release|Any CPU
	EndGlobalSection
	GlobalSection(SolutionProperties) = preSolution
		HideSolutionNode = FALSE
	EndGlobalSection
	GlobalSection(ExtensibilityGlobals) = postSolution
		SolutionGuid = {55F06B74-0470-4180-AD15-00C71768DF6A}
	EndGlobalSection
EndGlobal
