
Microsoft Visual Studio Solution File, Format Version 12.00
# Visual Studio Version 16
VisualStudioVersion = 16.0.31829.152
MinimumVisualStudioVersion = 10.0.40219.1
Project("{9A19103F-16F7-4668-BE54-9A1E7A4F7556}") = "TeisterMask", "Submission_24067680\TeisterMask.csproj", "{854C7658-E038-479C-981B-9F8D22EED8F4}"
EndProject
Global
	GlobalSection(SolutionConfigurationPlatforms) = preSolution
		Debug|Any CPU = Debug|Any CPU
		Release|Any CPU = Release|Any CPU
	EndGlobalSection
	GlobalSection(ProjectConfigurationPlatforms) = postSolution
		{854C7658-E038-479C-981B-9F8D22EED8F4}.Debug|Any CPU.ActiveCfg = Debug|Any CPU
		{854C7658-E038-479C-981B-9F8D22EED8F4}.Debug|Any CPU.Build.0 = Debug|Any CPU
		{854C7658-E038-479C-981B-9F8D22EED8F4}.Release|Any CPU.ActiveCfg = Release|Any CPU
		{854C7658-E038-479C-981B-9F8D22EED8F4}.Release|Any CPU.Build.0 = Release|Any CPU
	EndGlobalSection
	GlobalSection(SolutionProperties) = preSolution
		HideSolutionNode = FALSE
	EndGlobalSection
	GlobalSection(ExtensibilityGlobals) = postSolution
		SolutionGuid = {9819BBE2-FB0D-41C4-A197-064D37464A53}
	EndGlobalSection
EndGlobal
