
Microsoft Visual Studio Solution File, Format Version 12.00
# Visual Studio Version 16
VisualStudioVersion = 16.0.31829.152
MinimumVisualStudioVersion = 10.0.40219.1
Project("{9A19103F-16F7-4668-BE54-9A1E7A4F7556}") = "SoftJail", "SoftJail.csproj", "{270DEC1F-CD36-4DF6-A941-5FF866105FDD}"
EndProject
Global
	GlobalSection(SolutionConfigurationPlatforms) = preSolution
		Debug|Any CPU = Debug|Any CPU
		Release|Any CPU = Release|Any CPU
	EndGlobalSection
	GlobalSection(ProjectConfigurationPlatforms) = postSolution
		{270DEC1F-CD36-4DF6-A941-5FF866105FDD}.Debug|Any CPU.ActiveCfg = Debug|Any CPU
		{270DEC1F-CD36-4DF6-A941-5FF866105FDD}.Debug|Any CPU.Build.0 = Debug|Any CPU
		{270DEC1F-CD36-4DF6-A941-5FF866105FDD}.Release|Any CPU.ActiveCfg = Release|Any CPU
		{270DEC1F-CD36-4DF6-A941-5FF866105FDD}.Release|Any CPU.Build.0 = Release|Any CPU
	EndGlobalSection
	GlobalSection(SolutionProperties) = preSolution
		HideSolutionNode = FALSE
	EndGlobalSection
	GlobalSection(ExtensibilityGlobals) = postSolution
		SolutionGuid = {FFF8158A-6EEF-4880-9759-E3FA824762E1}
	EndGlobalSection
EndGlobal
